# Environment 1 - Beeviromics : exact pinned export (linux-64) of the Gadi build.
# Full `conda env export`; the absolute `prefix:` line has been stripped (conda
# ignores it on import anyway). Use for byte-for-byte reproduction on linux-64:
#   conda env create -f envs/Beeviromics.lock.yml
# On a different OS/arch the build strings won't resolve - use envs/Beeviromics.yml.
name: Beeviromics
channels:
  - conda-forge
  - bioconda
  - defaults
  - qiime2
dependencies:
  - _libgcc_mutex=0.1=conda_forge
  - _openmp_mutex=4.5=2_gnu
  - _python_abi3_support=1.0=hd8ed1ab_2
  - _r-mutex=1.0.1=anacondar_1
  - alsa-lib=1.2.14=hb9d3cd8_0
  - annotated-types=0.7.0=pyhd8ed1ab_1
  - anyio=4.13.0=pyhcf101f3_0
  - attrs=25.4.0=pyhcf101f3_1
  - backports.zstd=1.3.0=py312h90b7ffd_0
  - bedtools=2.31.1=h13024bc_3
  - binutils_impl_linux-64=2.44=h4bf12b8_1
  - bio=1.8.3=pyhdfd78af_0
  - biopython=1.87=py312h4c3975b_0
  - biothings_client=0.5.0=pyhcf101f3_0
  - blast=2.16.0=h66d330f_5
  - blosc=1.21.6=he440d0b_1
  - bowtie2=2.5.5=ha27dd3b_0
  - brotli=1.2.0=hed03a55_1
  - brotli-bin=1.2.0=hb03c661_1
  - brotli-python=1.2.0=py312hdb49522_1
  - bwidget=1.10.1=ha770c72_1
  - bzip2=1.0.8=h4bc722e_7
  - c-ares=1.34.5=hb9d3cd8_0
  - ca-certificates=2026.5.20=hbd8a1cb_0
  - cachetools=7.1.4=pyhd8ed1ab_0
  - cairo=1.18.4=h3394656_0
  - certifi=2026.5.20=pyhd8ed1ab_0
  - cffi=1.17.1=py312h06ac9bb_0
  - charset-normalizer=3.4.4=pyhd8ed1ab_0
  - click=8.3.1=pyh8f84b5b_1
  - colorama=0.4.6=pyhd8ed1ab_1
  - coloredlogs=15.0.1=pyhd8ed1ab_4
  - colormath=3.0.0=pyhd8ed1ab_4
  - contourpy=1.3.3=py312h0a2e395_4
  - cpython=3.12.12=py312hd8ed1ab_1
  - curl=8.14.1=h332b0f4_0
  - cutadapt=5.1=py312h0fa9677_0
  - cycler=0.12.1=pyhcf101f3_2
  - cyrus-sasl=2.1.28=hd9c7081_0
  - dbus=1.16.2=h3c4dab8_0
  - diamond=2.1.12=h13889ed_3
  - dnaio=1.2.2=py312hf67a6ed_0
  - double-conversion=3.3.1=h5888daf_0
  - entrez-direct=22.4=he881be0_0
  - exceptiongroup=1.3.1=pyhd8ed1ab_0
  - expat=2.7.0=h5888daf_0
  - fastqc=0.12.1=hdfd78af_0
  - font-ttf-dejavu-sans-mono=2.37=hab24e00_0
  - font-ttf-inconsolata=3.000=h77eed37_0
  - font-ttf-source-code-pro=2.038=h77eed37_0
  - font-ttf-ubuntu=0.83=h77eed37_3
  - fontconfig=2.15.0=h7e30c49_1
  - fonts-conda-ecosystem=1=0
  - fonts-conda-forge=1=0
  - fonttools=4.63.0=py312h8a5da7c_0
  - freetype=2.13.3=ha770c72_1
  - freexl=2.0.0=h9dce30a_2
  - fribidi=1.0.16=hb03c661_0
  - frozendict=2.4.7=py312h4c3975b_0
  - gawk=5.3.1=hcd3d067_0
  - gcc_impl_linux-64=15.1.0=h4393ad2_5
  - geos=3.13.1=h97f6797_0
  - gfortran_impl_linux-64=15.1.0=h3b9cdf2_5
  - giflib=5.2.2=hd590300_0
  - gmp=6.3.0=hac33072_2
  - gprofiler-official=1.0.0=pyh7e72e81_1
  - graphite2=1.3.14=h5888daf_0
  - gsl=2.7=he838d99_0
  - gxx_impl_linux-64=15.1.0=h6a1bac1_5
  - h11=0.16.0=pyhcf101f3_1
  - h2=4.3.0=pyhcf101f3_0
  - harfbuzz=11.2.1=h3beb420_0
  - hpack=4.1.0=pyhd8ed1ab_0
  - htslib=1.22=h566b1c6_0
  - httpcore=1.0.9=pyh29332c3_0
  - httpx=0.28.1=pyhd8ed1ab_0
  - humanfriendly=10.0=pyh707e725_8
  - humanize=4.15.0=pyhd8ed1ab_0
  - hyperframe=6.1.0=pyhd8ed1ab_0
  - icu=75.1=he02047a_0
  - idna=3.11=pyhd8ed1ab_0
  - importlib-metadata=8.7.0=pyhe01879c_1
  - iqtree=3.1.2=h8471819_0
  - isa-l=2.31.1=hb9d3cd8_1
  - jinja2=3.1.6=pyhcf101f3_1
  - json-c=0.18=h6688a6e_0
  - jsonschema=4.26.0=pyhcf101f3_0
  - jsonschema-specifications=2025.9.1=pyhcf101f3_0
  - k8=1.2=he8db53b_6
  - kaleido-core=0.2.1=h3644ca4_0
  - kernel-headers_linux-64=4.18.0=he073ed8_9
  - keyutils=1.6.1=h166bdaf_0
  - kiwisolver=1.5.0=py312h0a2e395_0
  - krb5=1.21.3=h659f571_0
  - lcms2=2.17=h717163a_0
  - ld_impl_linux-64=2.44=h1423503_1
  - lerc=4.0.0=h0aef613_1
  - libarchive=3.8.1=gpl_h98cc613_100
  - libasprintf=0.25.1=h3f43e3d_1
  - libblas=3.11.0=5_h4a7cf45_openblas
  - libbrotlicommon=1.2.0=hb03c661_1
  - libbrotlidec=1.2.0=hb03c661_1
  - libbrotlienc=1.2.0=hb03c661_1
  - libcblas=3.11.0=5_h0358290_openblas
  - libclang-cpp20.1=20.1.8=default_h99862b1_16
  - libclang13=22.1.0=default_h746c552_0
  - libcups=2.3.3=hb8b1518_5
  - libcurl=8.14.1=h332b0f4_0
  - libdeflate=1.24=h86f0d12_0
  - libdrm=2.4.127=hb03c661_0
  - libedit=3.1.20250104=pl5321h7949ede_0
  - libegl=1.7.0=ha4b6fd6_2
  - libev=4.33=hd590300_2
  - libexpat=2.7.0=h5888daf_0
  - libffi=3.4.6=h2dba641_1
  - libfreetype=2.13.3=ha770c72_1
  - libfreetype6=2.13.3=h48d6fc4_1
  - libgcc=15.1.0=h767d61c_3
  - libgcc-devel_linux-64=15.1.0=h4c094af_105
  - libgcc-ng=15.1.0=h69a702a_3
  - libgdal-core=3.11.3=ha8f0914_0
  - libgettextpo=0.25.1=h3f43e3d_1
  - libgfortran=15.1.0=h69a702a_5
  - libgfortran-ng=15.1.0=h69a702a_5
  - libgfortran5=15.1.0=hcea5267_5
  - libgl=1.7.0=ha4b6fd6_2
  - libglib=2.84.2=h3618099_0
  - libglvnd=1.7.0=ha4b6fd6_2
  - libglx=1.7.0=ha4b6fd6_2
  - libgomp=15.1.0=h767d61c_3
  - libhwy=1.4.0=h10be129_0
  - libiconv=1.18=h4ce23a2_1
  - libidn2=2.3.8=hfac485b_1
  - libjpeg-turbo=3.1.0=hb9d3cd8_0
  - libjxl=0.11.2=h174a0a3_1
  - libkml=1.3.0=hf539b9f_1021
  - liblapack=3.11.0=5_h47877c9_openblas
  - libllvm20=20.1.8=hecd9e04_0
  - libllvm22=22.1.2=hfb1d434_0
  - liblzma=5.8.1=hb9d3cd8_2
  - libnghttp2=1.64.0=h161d5f1_0
  - libnsl=2.0.1=hb9d3cd8_1
  - libntlm=1.8=hb9d3cd8_0
  - libopenblas=0.3.30=pthreads_h94d23a6_4
  - libopengl=1.7.0=ha4b6fd6_2
  - libpciaccess=0.19=hb03c661_0
  - libpng=1.6.50=h943b412_0
  - libpq=17.7=h5c52fec_1
  - librttopo=1.1.0=hd718a1a_18
  - libsanitizer=15.1.0=h97b714f_5
  - libspatialite=5.1.0=he17ca71_14
  - libsqlite=3.50.2=hee844dc_2
  - libssh2=1.11.1=hcf80075_0
  - libstdcxx=15.1.0=h8f9b012_3
  - libstdcxx-devel_linux-64=15.1.0=h4c094af_105
  - libstdcxx-ng=15.1.0=h4852527_3
  - libtiff=4.7.0=hf01ce69_5
  - libunistring=0.9.10=h7f98852_0
  - libuuid=2.38.1=h0b41bf4_0
  - libuv=1.51.0=hb03c661_1
  - libwebp-base=1.6.0=hd42ef1d_0
  - libxcb=1.17.0=h8a09558_0
  - libxcrypt=4.4.36=hd590300_1
  - libxkbcommon=1.11.0=he8b52b9_0
  - libxml2=2.13.9=h04c0eec_0
  - libxslt=1.1.43=h7a3aeb2_0
  - libzlib=1.3.1=hb9d3cd8_2
  - lxml=6.0.2=py312h70dad80_0
  - lz4-c=1.10.0=h5888daf_1
  - lzo=2.10=h280c20c_1002
  - mafft=7.525=h031d066_1
  - make=4.4.1=hb9d3cd8_2
  - markdown=3.10=pyhcf101f3_1
  - markdown-it-py=4.0.0=pyhd8ed1ab_0
  - markupsafe=3.0.3=py312h8a5da7c_0
  - mathjax=2.7.7=ha770c72_3
  - matplotlib=3.10.8=py312h7900ff3_0
  - matplotlib-base=3.10.8=py312h8a257da_0
  - mdurl=0.1.2=pyhd8ed1ab_1
  - megahit=1.2.9=h5ca1c30_6
  - minimap2=2.30=h577a1d6_0
  - minizip=4.0.10=h05a5f5f_0
  - mpfr=4.2.2=he0a73b1_0
  - multiqc=1.33=pyhdfd78af_0
  - munkres=1.1.4=pyhd8ed1ab_1
  - muparser=2.3.5=h5888daf_0
  - mygene=3.2.2=pyh5e36f6f_0
  - narwhals=2.15.0=pyhcf101f3_0
  - natsort=8.4.0=pyh29332c3_1
  - ncbi-vdb=3.4.1=hd63eeec_0
  - ncurses=6.5=h2d0b736_3
  - networkx=3.6.1=pyhcf101f3_0
  - nspr=4.38=h29cc59b_0
  - nss=3.114=hc3c8bcf_0
  - numpy=2.4.3=py312h33ff503_0
  - openjdk=23.0.2=h53dfc1b_2
  - openjpeg=2.5.3=h55fea9a_1
  - openldap=2.6.10=he970967_0
  - openssl=3.6.2=h35e630c_0
  - packaging=25.0=pyh29332c3_1
  - pandas=3.0.2=py312h8ecdadd_0
  - pandoc=3.9.0.2=ha770c72_0
  - pango=1.56.4=hadf4263_0
  - pbzip2=1.1.13=h1fcc475_2
  - pcre2=10.45=hc749103_0
  - perl=5.32.1=7_hd590300_perl5
  - perl-archive-tar=3.04=pl5321hdfd78af_0
  - perl-carp=1.38=pl5321hdfd78af_4
  - perl-common-sense=3.75=pl5321hdfd78af_0
  - perl-compress-raw-bzip2=2.214=pl5321hda65f42_0
  - perl-compress-raw-zlib=2.214=pl5321h4dac143_0
  - perl-encode=3.19=pl5321hec16e2b_1
  - perl-exporter=5.72=pl5321hdfd78af_2
  - perl-exporter-tiny=1.002002=pl5321hdfd78af_0
  - perl-extutils-makemaker=7.70=pl5321hd8ed1ab_0
  - perl-io-compress=2.216=pl5321h503566f_0
  - perl-io-zlib=1.15=pl5321hdfd78af_1
  - perl-json=4.11=pl5321hdfd78af_0
  - perl-json-xs=4.04=pl5321h9948957_0
  - perl-list-moreutils=0.430=pl5321hdfd78af_0
  - perl-list-moreutils-xs=0.430=pl5321h7b50bb2_5
  - perl-parent=0.236=pl5321hdfd78af_2
  - perl-pathtools=3.75=pl5321hec16e2b_3
  - perl-scalar-list-utils=1.62=pl5321hec16e2b_1
  - perl-types-serialiser=1.01=pl5321hdfd78af_0
  - pigz=2.8=hadc24fc_1
  - pillow=11.3.0=py312h0e488c8_1
  - pip=25.1.1=pyh8b19718_0
  - pixman=0.46.2=h29eaf8c_0
  - platformdirs=4.10.0=pyhcf101f3_0
  - plotly=6.5.1=pyhd8ed1ab_0
  - polars=1.37.0=pyh6a1acc5_0
  - polars-lts-cpu=1.34.0.deprecated=hc364b38_0
  - polars-runtime-32=1.37.0=py310hffdcd12_0
  - polars-runtime-compat=1.37.0=py310hbcd5346_0
  - pooch=1.9.0=pyhd8ed1ab_0
  - proj=9.6.2=h0054346_0
  - pthread-stubs=0.4=hb9d3cd8_1002
  - pyaml-env=1.2.2=pyhd8ed1ab_0
  - pycparser=2.22=pyh29332c3_1
  - pydantic=2.12.5=pyhcf101f3_1
  - pydantic-core=2.41.5=py312h868fb18_1
  - pygments=2.19.2=pyhd8ed1ab_0
  - pyld=3.0.0=pyhcf101f3_0
  - pyparsing=3.3.2=pyhcf101f3_0
  - pysam=0.23.3=py312h47d5410_1
  - pyside6=6.9.1=py312hdb827e4_0
  - pysocks=1.7.1=pyha55dd90_7
  - python=3.12.11=h9e4cc4f_0_cpython
  - python-dateutil=2.9.0.post0=pyhe01879c_2
  - python-dotenv=1.2.1=pyhcf101f3_0
  - python-gil=3.12.12=hd8ed1ab_1
  - python-isal=1.7.2=py312h66e93f0_0
  - python-kaleido=0.2.1=pyhd8ed1ab_0
  - python-zlib-ng=0.5.1=py312h27ca174_0
  - python_abi=3.12=7_cp312
  - pyyaml=6.0.3=py312h8a5da7c_0
  - qt6-main=6.9.1=h0384650_1
  - r-askpass=1.2.1=r44h54b55ab_1
  - r-assertthat=0.2.1=r44hc72bb7e_6
  - r-backports=1.5.1=r44h54b55ab_0
  - r-base=4.4.3=h85845a0_2
  - r-base64enc=0.1_6=r44h54b55ab_0
  - r-bit=4.6.0=r44h54b55ab_1
  - r-bit64=4.8.0=r44h54b55ab_0
  - r-blob=1.3.0=r44hc72bb7e_0
  - r-broom=1.0.12=r44hc72bb7e_0
  - r-bslib=0.10.0=r44hc72bb7e_0
  - r-cachem=1.1.0=r44h54b55ab_2
  - r-callr=3.7.6=r44hc72bb7e_2
  - r-cellranger=1.1.0=r44hc72bb7e_1008
  - r-cli=3.6.6=r44h3697838_0
  - r-clipr=0.8.0=r44hc72bb7e_4
  - r-cluster=2.1.8.2=r44heaba542_0
  - r-colorspace=2.1_2=r44h54b55ab_0
  - r-conflicted=1.2.0=r44h785f33e_3
  - r-cpp11=0.5.5=r44h785f33e_0
  - r-crayon=1.5.3=r44hc72bb7e_2
  - r-curl=7.0.0=r44h10955f1_1
  - r-data.table=1.17.8=r44h1c8cec4_1
  - r-dbi=1.3.0=r44hc72bb7e_0
  - r-dbplyr=2.5.2=r44hc72bb7e_0
  - r-digest=0.6.39=r44h3697838_0
  - r-dplyr=1.2.1=r44h3697838_0
  - r-dtplyr=1.3.3=r44hc72bb7e_0
  - r-ellipsis=0.3.3=r44h54b55ab_0
  - r-evaluate=1.0.5=r44hc72bb7e_1
  - r-fansi=1.0.7=r44h54b55ab_0
  - r-farver=2.1.2=r44h3697838_2
  - r-fastmap=1.2.0=r44h3697838_2
  - r-fontawesome=0.5.3=r44hc72bb7e_1
  - r-forcats=1.0.1=r44hc72bb7e_0
  - r-fs=2.1.0=r44h3697838_0
  - r-gargle=1.6.1=r44h785f33e_0
  - r-generics=0.1.4=r44hc72bb7e_1
  - r-ggplot2=4.0.3=r44h785f33e_0
  - r-ggrepel=0.9.8=r44h3697838_0
  - r-glue=1.8.1=r44h54b55ab_0
  - r-googledrive=2.1.2=r44hc72bb7e_1
  - r-googlesheets4=1.1.2=r44h785f33e_1
  - r-gridextra=2.3=r44hc72bb7e_1007
  - r-gtable=0.3.6=r44hc72bb7e_1
  - r-haven=2.5.5=r44h6d565e7_1
  - r-highr=0.12=r44hc72bb7e_0
  - r-hms=1.1.4=r44hc72bb7e_0
  - r-htmltools=0.5.9=r44h3697838_0
  - r-httr=1.4.8=r44hc72bb7e_0
  - r-ids=1.0.1=r44hc72bb7e_5
  - r-isoband=0.3.0=r44h3697838_0
  - r-jquerylib=0.1.4=r44hc72bb7e_4
  - r-jsonlite=2.0.0=r44h54b55ab_1
  - r-knitr=1.51=r44hc72bb7e_0
  - r-labeling=0.4.3=r44hc72bb7e_2
  - r-lattice=0.22_9=r44h54b55ab_0
  - r-lifecycle=1.0.5=r44hc72bb7e_0
  - r-magrittr=2.0.5=r44h54b55ab_0
  - r-mass=7.3_65=r44h54b55ab_0
  - r-matrix=1.7_5=r44h0e4624f_0
  - r-memoise=2.0.1=r44hc72bb7e_4
  - r-mgcv=1.9_4=r44h0e4624f_0
  - r-mime=0.13=r44h54b55ab_1
  - r-modelr=0.1.11=r44hc72bb7e_3
  - r-munsell=0.5.1=r44hc72bb7e_2
  - r-nlme=3.1_169=r44heaba542_0
  - r-openssl=2.4.0=r44h68c19f5_0
  - r-patchwork=1.3.2=r44hc72bb7e_1
  - r-permute=0.9_10=r44hc72bb7e_0
  - r-pheatmap=1.0.13=r44hc72bb7e_1
  - r-pillar=1.11.1=r44hc72bb7e_0
  - r-pkgconfig=2.0.3=r44hc72bb7e_5
  - r-prettyunits=1.2.0=r44hc72bb7e_2
  - r-processx=3.9.0=r44h54b55ab_0
  - r-progress=1.2.3=r44hc72bb7e_2
  - r-ps=1.9.3=r44h54b55ab_0
  - r-purrr=1.2.2=r44h54b55ab_0
  - r-r6=2.6.1=r44hc72bb7e_1
  - r-ragg=1.5.0=r44h9f1dc4d_0
  - r-rappdirs=0.3.4=r44h54b55ab_0
  - r-rcolorbrewer=1.1_3=r44h785f33e_4
  - r-rcpp=1.1.1_1.1=r44h3697838_0
  - r-readr=2.2.0=r44h3697838_0
  - r-readxl=1.4.5=r44h10e25cc_1
  - r-rematch=2.0.0=r44hc72bb7e_2
  - r-rematch2=2.1.2=r44hc72bb7e_5
  - r-reprex=2.1.1=r44hc72bb7e_2
  - r-rlang=1.2.0=r44h3697838_0
  - r-rmarkdown=2.31=r44hc72bb7e_0
  - r-rstudioapi=0.18.0=r44hc72bb7e_0
  - r-rvest=1.0.5=r44hc72bb7e_1
  - r-s7=0.2.2=r44h54b55ab_0
  - r-sass=0.4.10=r44h3697838_1
  - r-scales=1.4.0=r44hc72bb7e_1
  - r-selectr=0.5_1=r44hc72bb7e_0
  - r-stringi=1.8.7=r44h2dae267_1
  - r-stringr=1.6.0=r44h785f33e_0
  - r-sys=3.4.3=r44h54b55ab_1
  - r-systemfonts=1.2.3=r44h74f4acd_0
  - r-terra=1.8_70=r44h06e75d1_0
  - r-textshaping=1.0.1=r44h16f7c1a_0
  - r-tibble=3.3.1=r44h54b55ab_0
  - r-tidyr=1.3.2=r44h3697838_0
  - r-tidyselect=1.2.1=r44hc72bb7e_2
  - r-tidyverse=2.0.0=r44h785f33e_3
  - r-timechange=0.4.0=r44h3697838_0
  - r-tinytex=0.59=r44hc72bb7e_0
  - r-tzdb=0.5.0=r44h3697838_2
  - r-utf8=1.2.6=r44h54b55ab_1
  - r-uuid=1.2_2=r44h54b55ab_0
  - r-vctrs=0.7.3=r44h3697838_0
  - r-vegan=2.7_3=r44h11cdb10_0
  - r-viridis=0.6.5=r44hc72bb7e_2
  - r-viridislite=0.4.3=r44hc72bb7e_0
  - r-vroom=1.7.1=r44h3697838_0
  - r-withr=3.0.2=r44hc72bb7e_1
  - r-xfun=0.57=r44h3697838_0
  - r-xml2=1.4.0=r44hc6fd541_1
  - r-yaml=2.3.12=r44h54b55ab_0
  - readline=8.2=h8c095d6_2
  - referencing=0.37.0=pyhcf101f3_0
  - regex=2025.11.3=py312h4c3975b_1
  - requests=2.32.5=pyhcf101f3_1
  - rich=14.2.0=pyhcf101f3_0
  - rich-click=1.9.5=pyhd8ed1ab_0
  - rpds-py=0.30.0=py312h868fb18_0
  - rpsbproc=0.5.0=hd6d6fdc_3
  - samtools=1.22=h96c455f_0
  - sed=4.10=h19d0853_0
  - setuptools=80.9.0=pyhff2d567_0
  - six=1.17.0=pyhe01879c_1
  - snappy=1.2.2=h03e3b7b_1
  - sniffio=1.3.1=pyhd8ed1ab_2
  - spectra=0.0.11=pyhd8ed1ab_2
  - sqlite=3.50.2=heff268d_2
  - star=2.7.11b=h5ca1c30_6
  - sysroot_linux-64=2.28=h4ee821c_9
  - tiktoken=0.12.0=py312hd04cf1f_3
  - tk=8.6.13=noxft_hd72426e_102
  - tktable=2.10=h8d826fa_7
  - tornado=6.5.6=py312h4c3975b_0
  - tqdm=4.67.1=pyhd8ed1ab_1
  - trim-galore=0.6.10=hdfd78af_1
  - typeguard=4.4.4=pyhd8ed1ab_0
  - typing-extensions=4.15.0=h396c80c_0
  - typing-inspection=0.4.2=pyhd8ed1ab_1
  - typing_extensions=4.15.0=pyhcf101f3_0
  - tzdata=2025b=h78e105d_0
  - unicodedata2=17.0.1=py312h4c3975b_0
  - uriparser=0.9.8=hac33072_0
  - urllib3=2.6.3=pyhd8ed1ab_0
  - wayland=1.24.0=h3e06ad9_0
  - wget=1.25.0=hc2d8bac_0
  - wheel=0.45.1=pyhd8ed1ab_1
  - xcb-util=0.4.1=h4f16b4b_2
  - xcb-util-cursor=0.1.6=hb03c661_0
  - xcb-util-image=0.4.0=hb711507_2
  - xcb-util-keysyms=0.4.1=hb711507_0
  - xcb-util-renderutil=0.3.10=hb711507_0
  - xcb-util-wm=0.4.2=hb711507_0
  - xerces-c=3.2.5=h988505b_2
  - xkeyboard-config=2.46=hb03c661_0
  - xopen=2.0.2=pyh707e725_2
  - xorg-libice=1.1.2=hb9d3cd8_0
  - xorg-libsm=1.2.6=he73a12e_0
  - xorg-libx11=1.8.12=h4f16b4b_0
  - xorg-libxau=1.0.12=hb9d3cd8_0
  - xorg-libxcomposite=0.4.6=hb9d3cd8_2
  - xorg-libxcursor=1.2.3=hb9d3cd8_0
  - xorg-libxdamage=1.1.6=hb9d3cd8_0
  - xorg-libxdmcp=1.1.5=hb9d3cd8_0
  - xorg-libxext=1.3.6=hb9d3cd8_0
  - xorg-libxfixes=6.0.1=hb9d3cd8_0
  - xorg-libxi=1.8.2=hb9d3cd8_0
  - xorg-libxrandr=1.5.4=hb9d3cd8_0
  - xorg-libxrender=0.9.12=hb9d3cd8_0
  - xorg-libxt=1.3.1=hb9d3cd8_0
  - xorg-libxtst=1.2.5=hb9d3cd8_3
  - xorg-libxxf86vm=1.1.7=hb03c661_0
  - yaml=0.2.5=h280c20c_3
  - zipp=3.23.0=pyhcf101f3_1
  - zlib=1.3.1=hb9d3cd8_2
  - zlib-ng=2.2.4=h7955e40_0
  - zstandard=0.23.0=py312h66e93f0_2
  - zstd=1.5.7=hb8e6e7a_2
